
Microsoft Visual Studio Solution File, Format Version 12.00
# Visual Studio Version 16
VisualStudioVersion = 16.0.31005.135
MinimumVisualStudioVersion = 10.0.40219.1
Project("{FAE04EC0-301F-11D3-BF4B-00C04F79EFBC}") = "FitnessBlog.BaseLogic", "FitnessBlog.BaseLogic\FitnessBlog.BaseLogic.csproj", "{7E864290-8D24-4843-966F-CF280160EB61}"
EndProject
Project("{FAE04EC0-301F-11D3-BF4B-00C04F79EFBC}") = "FitnessBlog.CMD", "FitnessBlog.CMD\FitnessBlog.CMD.csproj", "{6425F5FA-9041-4D3F-B8F3-D3BD37058900}"
EndProject
Project("{FAE04EC0-301F-11D3-BF4B-00C04F79EFBC}") = "FitnessBlog.BaseLogicTests", "FitnessBlog.BaseLogicTests\FitnessBlog.BaseLogicTests.csproj", "{82E36FFD-27D3-409D-8B46-780F1C2A2E2E}"
EndProject
Global
	GlobalSection(SolutionConfigurationPlatforms) = preSolution
		Debug|Any CPU = Debug|Any CPU
		Release|Any CPU = Release|Any CPU
	EndGlobalSection
	GlobalSection(ProjectConfigurationPlatforms) = postSolution
		{7E864290-8D24-4843-966F-CF280160EB61}.Debug|Any CPU.ActiveCfg = Debug|Any CPU
		{7E864290-8D24-4843-966F-CF280160EB61}.Debug|Any CPU.Build.0 = Debug|Any CPU
		{7E864290-8D24-4843-966F-CF280160EB61}.Release|Any CPU.ActiveCfg = Release|Any CPU
		{7E864290-8D24-4843-966F-CF280160EB61}.Release|Any CPU.Build.0 = Release|Any CPU
		{6425F5FA-9041-4D3F-B8F3-D3BD37058900}.Debug|Any CPU.ActiveCfg = Debug|Any CPU
		{6425F5FA-9041-4D3F-B8F3-D3BD37058900}.Debug|Any CPU.Build.0 = Debug|Any CPU
		{6425F5FA-9041-4D3F-B8F3-D3BD37058900}.Release|Any CPU.ActiveCfg = Release|Any CPU
		{6425F5FA-9041-4D3F-B8F3-D3BD37058900}.Release|Any CPU.Build.0 = Release|Any CPU
		{82E36FFD-27D3-409D-8B46-780F1C2A2E2E}.Debug|Any CPU.ActiveCfg = Debug|Any CPU
		{82E36FFD-27D3-409D-8B46-780F1C2A2E2E}.Debug|Any CPU.Build.0 = Debug|Any CPU
		{82E36FFD-27D3-409D-8B46-780F1C2A2E2E}.Release|Any CPU.ActiveCfg = Release|Any CPU
		{82E36FFD-27D3-409D-8B46-780F1C2A2E2E}.Release|Any CPU.Build.0 = Release|Any CPU
	EndGlobalSection
	GlobalSection(SolutionProperties) = preSolution
		HideSolutionNode = FALSE
	EndGlobalSection
	GlobalSection(ExtensibilityGlobals) = postSolution
		SolutionGuid = {6800EBDC-76D2-4BD4-9B52-0FB33AAA0596}
	EndGlobalSection
EndGlobal
